<?xml version="1.0" encoding="utf-8"?>
<Project ToolsVersion="4.0" xmlns="http://schemas.microsoft.com/developer/msbuild/2003">
  <ItemGroup>
    <Filter Include="Source Files">
      <UniqueIdentifier>{4FC737F1-C7A5-4376-A066-2A32D752A2FF}</UniqueIdentifier>
      <Extensions>cpp;c;cc;cxx;def;odl;idl;hpj;bat;asm;asmx</Extensions>
    </Filter>
    <Filter Include="Header Files">
      <UniqueIdentifier>{93995380-89BD-4b04-88EB-625FBE52EBFB}</UniqueIdentifier>
      <Extensions>h;hh;hpp;hxx;hm;inl;inc;ipp;xsd</Extensions>
    </Filter>
    <Filter Include="Resource Files">
      <UniqueIdentifier>{67DA6AB6-F800-4c08-8B7A-83BB121AAD01}</UniqueIdentifier>
      <Extensions>rc;ico;cur;bmp;dlg;rc2;rct;bin;rgs;gif;jpg;jpeg;jpe;resx;tiff;tif;png;wav;mfcribbon-ms</Extensions>
    </Filter>
    <Filter Include="Header Files\glog">
      <UniqueIdentifier>{2d4ebbee-f12c-469d-be1b-ab0fb0299ffb}</UniqueIdentifier>
    </Filter>
    <Filter Include="Header Files\base">
      <UniqueIdentifier>{c51ff428-8439-4115-bc50-0918abcb0dca}</UniqueIdentifier>
    </Filter>
  </ItemGroup>
  <ItemGroup>
    <ClCompile Include="demangle.cc">
      <Filter>Source Files</Filter>
    </ClCompile>
    <ClCompile Include="logging.cc">
      <Filter>Source Files</Filter>
    </ClCompile>
    <ClCompile Include="raw_logging.cc">
      <Filter>Source Files</Filter>
    </ClCompile>
    <ClCompile Include="signalhandler.cc">
      <Filter>Source Files</Filter>
    </ClCompile>
    <ClCompile Include="symbolize.cc">
      <Filter>Source Files</Filter>
    </ClCompile>
    <ClCompile Include="utilities.cc">
      <Filter>Source Files</Filter>
    </ClCompile>
    <ClCompile Include="vlog_is_on.cc">
      <Filter>Source Files</Filter>
    </ClCompile>
    <ClCompile Include="port.cc">
      <Filter>Source Files</Filter>
    </ClCompile>
  </ItemGroup>
  <ItemGroup>
    <ClInclude Include="config.h">
      <Filter>Header Files</Filter>
    </ClInclude>
    <ClInclude Include="demangle.h">
      <Filter>Header Files</Filter>
    </ClInclude>
    <ClInclude Include="symbolize.h">
      <Filter>Header Files</Filter>
    </ClInclude>
    <ClInclude Include="utilities.h">
      <Filter>Header Files</Filter>
    </ClInclude>
    <ClInclude Include="glog\log_severity.h">
      <Filter>Header Files\glog</Filter>
    </ClInclude>
    <ClInclude Include="glog\logging.h">
      <Filter>Header Files\glog</Filter>
    </ClInclude>
    <ClInclude Include="glog\raw_logging.h">
      <Filter>Header Files\glog</Filter>
    </ClInclude>
    <ClInclude Include="glog\stl_logging.h">
      <Filter>Header Files\glog</Filter>
    </ClInclude>
    <ClInclude Include="glog\vlog_is_on.h">
      <Filter>Header Files\glog</Filter>
    </ClInclude>
    <ClInclude Include="base\commandlineflags.h">
      <Filter>Header Files\base</Filter>
    </ClInclude>
    <ClInclude Include="base\googleinit.h">
      <Filter>Header Files\base</Filter>
    </ClInclude>
    <ClInclude Include="base\mutex.h">
      <Filter>Header Files\base</Filter>
    </ClInclude>
    <ClInclude Include="stacktrace.h">
      <Filter>Header Files</Filter>
    </ClInclude>
    <ClInclude Include="stacktrace_generic-inl.h">
      <Filter>Header Files</Filter>
    </ClInclude>
    <ClInclude Include="stacktrace_libunwind-inl.h">
      <Filter>Header Files</Filter>
    </ClInclude>
    <ClInclude Include="stacktrace_powerpc-inl.h">
      <Filter>Header Files</Filter>
    </ClInclude>
    <ClInclude Include="stacktrace_windows-inl.h">
      <Filter>Header Files</Filter>
    </ClInclude>
    <ClInclude Include="stacktrace_x86_64-inl.h">
      <Filter>Header Files</Filter>
    </ClInclude>
    <ClInclude Include="stacktrace_x86-inl.h">
      <Filter>Header Files</Filter>
    </ClInclude>
    <ClInclude Include="port.h">
      <Filter>Header Files</Filter>
    </ClInclude>
  </ItemGroup>
</Project>